
Microsoft Visual Studio Solution File, Format Version 12.00
# Visual Studio Version 17
VisualStudioVersion = 17.3.32825.248
MinimumVisualStudioVersion = 10.0.40219.1
Project("{FAE04EC0-301F-11D3-BF4B-00C04F79EFBC}") = "MetaDataSvr.Common", "..\MetaDataSvr.Common\MetaDataSvr.Common.csproj", "{EC857822-53B6-466E-A6EE-D258BDB148A5}"
EndProject
Project("{FAE04EC0-301F-11D3-BF4B-00C04F79EFBC}") = "MetaData.Entities", "..\MetaData.Entities\MetaData.Entities.csproj", "{7190DC50-C7D9-413D-9E5B-450391CD1DCC}"
EndProject
Project("{FAE04EC0-301F-11D3-BF4B-00C04F79EFBC}") = "MetaData.DataAccess", "..\MetaData.DataAccess\MetaData.DataAccess.csproj", "{428A0BB8-F25E-4D88-90A3-A153202F6643}"
EndProject
Project("{FAE04EC0-301F-11D3-BF4B-00C04F79EFBC}") = "MetaData", "MetaData\MetaData.csproj", "{442AE461-1EBB-42EB-BD3C-BCDEF1E7F3D1}"
EndProject
Global
	GlobalSection(SolutionConfigurationPlatforms) = preSolution
		Debug|Any CPU = Debug|Any CPU
		Release|Any CPU = Release|Any CPU
	EndGlobalSection
	GlobalSection(ProjectConfigurationPlatforms) = postSolution
		{EC857822-53B6-466E-A6EE-D258BDB148A5}.Debug|Any CPU.ActiveCfg = Debug|Any CPU
		{EC857822-53B6-466E-A6EE-D258BDB148A5}.Debug|Any CPU.Build.0 = Debug|Any CPU
		{EC857822-53B6-466E-A6EE-D258BDB148A5}.Release|Any CPU.ActiveCfg = Release|Any CPU
		{EC857822-53B6-466E-A6EE-D258BDB148A5}.Release|Any CPU.Build.0 = Release|Any CPU
		{7190DC50-C7D9-413D-9E5B-450391CD1DCC}.Debug|Any CPU.ActiveCfg = Debug|Any CPU
		{7190DC50-C7D9-413D-9E5B-450391CD1DCC}.Debug|Any CPU.Build.0 = Debug|Any CPU
		{7190DC50-C7D9-413D-9E5B-450391CD1DCC}.Release|Any CPU.ActiveCfg = Release|Any CPU
		{7190DC50-C7D9-413D-9E5B-450391CD1DCC}.Release|Any CPU.Build.0 = Release|Any CPU
		{428A0BB8-F25E-4D88-90A3-A153202F6643}.Debug|Any CPU.ActiveCfg = Debug|Any CPU
		{428A0BB8-F25E-4D88-90A3-A153202F6643}.Debug|Any CPU.Build.0 = Debug|Any CPU
		{428A0BB8-F25E-4D88-90A3-A153202F6643}.Release|Any CPU.ActiveCfg = Release|Any CPU
		{428A0BB8-F25E-4D88-90A3-A153202F6643}.Release|Any CPU.Build.0 = Release|Any CPU
		{442AE461-1EBB-42EB-BD3C-BCDEF1E7F3D1}.Debug|Any CPU.ActiveCfg = Debug|Any CPU
		{442AE461-1EBB-42EB-BD3C-BCDEF1E7F3D1}.Debug|Any CPU.Build.0 = Debug|Any CPU
		{442AE461-1EBB-42EB-BD3C-BCDEF1E7F3D1}.Release|Any CPU.ActiveCfg = Release|Any CPU
		{442AE461-1EBB-42EB-BD3C-BCDEF1E7F3D1}.Release|Any CPU.Build.0 = Release|Any CPU
	EndGlobalSection
	GlobalSection(SolutionProperties) = preSolution
		HideSolutionNode = FALSE
	EndGlobalSection
	GlobalSection(ExtensibilityGlobals) = postSolution
		SolutionGuid = {4C8E6519-6EAE-400F-9D3A-C68B6779E561}
	EndGlobalSection
EndGlobal
