
Microsoft Visual Studio Solution File, Format Version 12.00
# Visual Studio Version 17
VisualStudioVersion = 17.3.32825.248
MinimumVisualStudioVersion = 10.0.40219.1
Project("{FAE04EC0-301F-11D3-BF4B-00C04F79EFBC}") = "MetaData++", "MetaData++.csproj", "{1A8B8A08-3561-4CE7-9291-AA9FCCE100CD}"
EndProject
Global
	GlobalSection(SolutionConfigurationPlatforms) = preSolution
		Debug|Any CPU = Debug|Any CPU
		Release|Any CPU = Release|Any CPU
	EndGlobalSection
	GlobalSection(ProjectConfigurationPlatforms) = postSolution
		{1A8B8A08-3561-4CE7-9291-AA9FCCE100CD}.Debug|Any CPU.ActiveCfg = Debug|Any CPU
		{1A8B8A08-3561-4CE7-9291-AA9FCCE100CD}.Debug|Any CPU.Build.0 = Debug|Any CPU
		{1A8B8A08-3561-4CE7-9291-AA9FCCE100CD}.Release|Any CPU.ActiveCfg = Release|Any CPU
		{1A8B8A08-3561-4CE7-9291-AA9FCCE100CD}.Release|Any CPU.Build.0 = Release|Any CPU
	EndGlobalSection
	GlobalSection(SolutionProperties) = preSolution
		HideSolutionNode = FALSE
	EndGlobalSection
	GlobalSection(ExtensibilityGlobals) = postSolution
		SolutionGuid = {4C8E6519-6EAE-400F-9D3A-C68B6779E561}
	EndGlobalSection
EndGlobal
